
Microsoft Visual Studio Solution File, Format Version 12.00
# Visual Studio Version 17
VisualStudioVersion = 17.1.32210.238
MinimumVisualStudioVersion = 10.0.40219.1
Project("{FAE04EC0-301F-11D3-BF4B-00C04F79EFBC}") = "CalendarOfFred", "CalendarOfFred.csproj", "{944B5018-45E6-440C-8E86-4D099FC86A9C}"
EndProject
Global
	GlobalSection(SolutionConfigurationPlatforms) = preSolution
		Debug|Any CPU = Debug|Any CPU
		Release|Any CPU = Release|Any CPU
	EndGlobalSection
	GlobalSection(ProjectConfigurationPlatforms) = postSolution
		{944B5018-45E6-440C-8E86-4D099FC86A9C}.Debug|Any CPU.ActiveCfg = Debug|Any CPU
		{944B5018-45E6-440C-8E86-4D099FC86A9C}.Debug|Any CPU.Build.0 = Debug|Any CPU
		{944B5018-45E6-440C-8E86-4D099FC86A9C}.Release|Any CPU.ActiveCfg = Release|Any CPU
		{944B5018-45E6-440C-8E86-4D099FC86A9C}.Release|Any CPU.Build.0 = Release|Any CPU
	EndGlobalSection
	GlobalSection(SolutionProperties) = preSolution
		HideSolutionNode = FALSE
	EndGlobalSection
	GlobalSection(ExtensibilityGlobals) = postSolution
		SolutionGuid = {A67A321F-3183-43F0-A4D9-D41E6A8978AE}
	EndGlobalSection
EndGlobal
